c05011af733f370c25087fa6fbf4c28797135160348e5fe01b57812e0a60fd489ab18ae795cb1e49185f0ac664b7482a502a65c4f520655f910a23a772d83431  src/ui/main_menu.gd
49333495665917519a7b79673db0dbe4e3f06039f523272ef17c911cfad81247c616c90075014cd168681048aa805505ca42d1cde95307936721203bd40169d2  src/ui/main_menu.tscn
6048b3f3bcb677605f5176b7965f2d4db8c2173f7626a06771a3bf8d311d1d4de5d3ba1636a528b5b3b0de5c9d4c6870890cd33ab52a421aaff56eebd2b22cf3  src/assets/backgrounds/bg_menu_gm_keyart.jpg
e3109a0a0b29ea6744a8e5f8227b0bddeb89ca1e0f752ff0bd1e96f0d79118cd65fc670f16b0fe24635838f651b21f79dfd14e136536192e97d1bc2a20d43dbc  src/assets/music/menu_mist_theme.mp3
a2d953d24cdbffa85b19aa2991f740fb6483a035e5efa0bf8b17a298c28fe9c7f1bdd03cdba7b46f21e7a06d1f8228c40174d46364748dc707a3a0d07d2baffa  src/assets/shaders/title_smoke_flow.gdshader
